
Microsoft Visual Studio Solution File, Format Version 12.00
# Visual Studio 15
VisualStudioVersion = 15.0.28010.2046
MinimumVisualStudioVersion = 10.0.40219.1
Project("{FAE04EC0-301F-11D3-BF4B-00C04F79EFBC}") = "View", "View\View.csproj", "{6D469CB1-87C4-400F-BF8E-9DDC7A89DC16}"
EndProject
Project("{FAE04EC0-301F-11D3-BF4B-00C04F79EFBC}") = "Model", "Model\Model.csproj", "{56C57944-F7AA-4FE2-AE48-89D29CB2604D}"
EndProject
Project("{FAE04EC0-301F-11D3-BF4B-00C04F79EFBC}") = "Repositorio", "Repositorio\Repositorio.csproj", "{834A93CD-B64C-4367-8C6B-0FF83761C64C}"
EndProject
Global
	GlobalSection(SolutionConfigurationPlatforms) = preSolution
		Debug|Any CPU = Debug|Any CPU
		Release|Any CPU = Release|Any CPU
	EndGlobalSection
	GlobalSection(ProjectConfigurationPlatforms) = postSolution
		{6D469CB1-87C4-400F-BF8E-9DDC7A89DC16}.Debug|Any CPU.ActiveCfg = Debug|Any CPU
		{6D469CB1-87C4-400F-BF8E-9DDC7A89DC16}.Debug|Any CPU.Build.0 = Debug|Any CPU
		{6D469CB1-87C4-400F-BF8E-9DDC7A89DC16}.Release|Any CPU.ActiveCfg = Release|Any CPU
		{6D469CB1-87C4-400F-BF8E-9DDC7A89DC16}.Release|Any CPU.Build.0 = Release|Any CPU
		{56C57944-F7AA-4FE2-AE48-89D29CB2604D}.Debug|Any CPU.ActiveCfg = Debug|Any CPU
		{56C57944-F7AA-4FE2-AE48-89D29CB2604D}.Debug|Any CPU.Build.0 = Debug|Any CPU
		{56C57944-F7AA-4FE2-AE48-89D29CB2604D}.Release|Any CPU.ActiveCfg = Release|Any CPU
		{56C57944-F7AA-4FE2-AE48-89D29CB2604D}.Release|Any CPU.Build.0 = Release|Any CPU
		{834A93CD-B64C-4367-8C6B-0FF83761C64C}.Debug|Any CPU.ActiveCfg = Debug|Any CPU
		{834A93CD-B64C-4367-8C6B-0FF83761C64C}.Debug|Any CPU.Build.0 = Debug|Any CPU
		{834A93CD-B64C-4367-8C6B-0FF83761C64C}.Release|Any CPU.ActiveCfg = Release|Any CPU
		{834A93CD-B64C-4367-8C6B-0FF83761C64C}.Release|Any CPU.Build.0 = Release|Any CPU
	EndGlobalSection
	GlobalSection(SolutionProperties) = preSolution
		HideSolutionNode = FALSE
	EndGlobalSection
	GlobalSection(ExtensibilityGlobals) = postSolution
		SolutionGuid = {70E7A4ED-DB4B-4411-8A71-7CE69791DFB5}
	EndGlobalSection
EndGlobal
